// !$*UTF8*$!
{
	archiveVersion = 1;
	classes = {
	};
	objectVersion = 46;
	objects = {

/* Begin PBXBuildFile section */
		075B5B361D227F3D00E2942B /* AppDelegate.swift in Sources */ = {isa = PBXBuildFile; fileRef = 075B5B351D227F3D00E2942B /* AppDelegate.swift */; };
		075B5B381D227F3D00E2942B /* ViewController.swift in Sources */ = {isa = PBXBuildFile; fileRef = 075B5B371D227F3D00E2942B /* ViewController.swift */; };
		075B5B3B1D227F3D00E2942B /* Main.storyboard in Resources */ = {isa = PBXBuildFile; fileRef = 075B5B391D227F3D00E2942B /* Main.storyboard */; };
		075B5B3D1D227F3D00E2942B /* Assets.xcassets in Resources */ = {isa = PBXBuildFile; fileRef = 075B5B3C1D227F3D00E2942B /* Assets.xcassets */; };
		075B5B401D227F3D00E2942B /* LaunchScreen.storyboard in Resources */ = {isa = PBXBuildFile; fileRef = 075B5B3E1D227F3D00E2942B /* LaunchScreen.storyboard */; };
		075B5B4B1D227F3D00E2942B /* StencilViewTests.swift in Sources */ = {isa = PBXBuildFile; fileRef = 075B5B4A1D227F3D00E2942B /* StencilViewTests.swift */; };
		075B5B561D227F3D00E2942B /* StencilViewUITests.swift in Sources */ = {isa = PBXBuildFile; fileRef = 075B5B551D227F3D00E2942B /* StencilViewUITests.swift */; };
		075B5B641D227F4B00E2942B /* StencilView.swift in Sources */ = {isa = PBXBuildFile; fileRef = 075B5B631D227F4B00E2942B /* StencilView.swift */; };
/* End PBXBuildFile section */

/* Begin PBXContainerItemProxy section */
		075B5B471D227F3D00E2942B /* PBXContainerItemProxy */ = {
			isa = PBXContainerItemProxy;
			containerPortal = 075B5B2A1D227F3D00E2942B /* Project object */;
			proxyType = 1;
			remoteGlobalIDString = 075B5B311D227F3D00E2942B;
			remoteInfo = StencilView;
		};
		075B5B521D227F3D00E2942B /* PBXContainerItemProxy */ = {
			isa = PBXContainerItemProxy;
			containerPortal = 075B5B2A1D227F3D00E2942B /* Project object */;
			proxyType = 1;
			remoteGlobalIDString = 075B5B311D227F3D00E2942B;
			remoteInfo = StencilView;
		};
/* End PBXContainerItemProxy section */

/* Begin PBXFileReference section */
		075B5B321D227F3D00E2942B /* StencilView.app */ = {isa = PBXFileReference; explicitFileType = wrapper.application; includeInIndex = 0; path = StencilView.app; sourceTree = BUILT_PRODUCTS_DIR; };
		075B5B351D227F3D00E2942B /* AppDelegate.swift */ = {isa = PBXFileReference; lastKnownFileType = sourcecode.swift; path = AppDelegate.swift; sourceTree = "<group>"; };
		075B5B371D227F3D00E2942B /* ViewController.swift */ = {isa = PBXFileReference; lastKnownFileType = sourcecode.swift; path = ViewController.swift; sourceTree = "<group>"; };
		075B5B3A1D227F3D00E2942B /* Base */ = {isa = PBXFileReference; lastKnownFileType = file.storyboard; name = Base; path = Base.lproj/Main.storyboard; sourceTree = "<group>"; };
		075B5B3C1D227F3D00E2942B /* Assets.xcassets */ = {isa = PBXFileReference; lastKnownFileType = folder.assetcatalog; path = Assets.xcassets; sourceTree = "<group>"; };
		075B5B3F1D227F3D00E2942B /* Base */ = {isa = PBXFileReference; lastKnownFileType = file.storyboard; name = Base; path = Base.lproj/LaunchScreen.storyboard; sourceTree = "<group>"; };
		075B5B411D227F3D00E2942B /* Info.plist */ = {isa = PBXFileReference; lastKnownFileType = text.plist.xml; path = Info.plist; sourceTree = "<group>"; };
		075B5B461D227F3D00E2942B /* StencilViewTests.xctest */ = {isa = PBXFileReference; explicitFileType = wrapper.cfbundle; includeInIndex = 0; path = StencilViewTests.xctest; sourceTree = BUILT_PRODUCTS_DIR; };
		075B5B4A1D227F3D00E2942B /* StencilViewTests.swift */ = {isa = PBXFileReference; lastKnownFileType = sourcecode.swift; path = StencilViewTests.swift; sourceTree = "<group>"; };
		075B5B4C1D227F3D00E2942B /* Info.plist */ = {isa = PBXFileReference; lastKnownFileType = text.plist.xml; path = Info.plist; sourceTree = "<group>"; };
		075B5B511D227F3D00E2942B /* StencilViewUITests.xctest */ = {isa = PBXFileReference; explicitFileType = wrapper.cfbundle; includeInIndex = 0; path = StencilViewUITests.xctest; sourceTree = BUILT_PRODUCTS_DIR; };
		075B5B551D227F3D00E2942B /* StencilViewUITests.swift */ = {isa = PBXFileReference; lastKnownFileType = sourcecode.swift; path = StencilViewUITests.swift; sourceTree = "<group>"; };
		075B5B571D227F3D00E2942B /* Info.plist */ = {isa = PBXFileReference; lastKnownFileType = text.plist.xml; path = Info.plist; sourceTree = "<group>"; };
		075B5B631D227F4B00E2942B /* StencilView.swift */ = {isa = PBXFileReference; fileEncoding = 4; lastKnownFileType = sourcecode.swift; path = StencilView.swift; sourceTree = "<group>"; };
/* End PBXFileReference section */

/* Begin PBXFrameworksBuildPhase section */
		075B5B2F1D227F3D00E2942B /* Frameworks */ = {
			isa = PBXFrameworksBuildPhase;
			buildActionMask = 2147483647;
			files = (
			);
			runOnlyForDeploymentPostprocessing = 0;
		};
		075B5B431D227F3D00E2942B /* Frameworks */ = {
			isa = PBXFrameworksBuildPhase;
			buildActionMask = 2147483647;
			files = (
			);
			runOnlyForDeploymentPostprocessing = 0;
		};
		075B5B4E1D227F3D00E2942B /* Frameworks */ = {
			isa = PBXFrameworksBuildPhase;
			buildActionMask = 2147483647;
			files = (
			);
			runOnlyForDeploymentPostprocessing = 0;
		};
/* End PBXFrameworksBuildPhase section */

/* Begin PBXGroup section */
		075B5B291D227F3D00E2942B = {
			isa = PBXGroup;
			children = (
				075B5B341D227F3D00E2942B /* StencilView */,
				075B5B491D227F3D00E2942B /* StencilViewTests */,
				075B5B541D227F3D00E2942B /* StencilViewUITests */,
				075B5B331D227F3D00E2942B /* Products */,
			);
			sourceTree = "<group>";
		};
		075B5B331D227F3D00E2942B /* Products */ = {
			isa = PBXGroup;
			children = (
				075B5B321D227F3D00E2942B /* StencilView.app */,
				075B5B461D227F3D00E2942B /* StencilViewTests.xctest */,
				075B5B511D227F3D00E2942B /* StencilViewUITests.xctest */,
			);
			name = Products;
			sourceTree = "<group>";
		};
		075B5B341D227F3D00E2942B /* StencilView */ = {
			isa = PBXGroup;
			children = (
				075B5B351D227F3D00E2942B /* AppDelegate.swift */,
				075B5B371D227F3D00E2942B /* ViewController.swift */,
				075B5B391D227F3D00E2942B /* Main.storyboard */,
				075B5B3C1D227F3D00E2942B /* Assets.xcassets */,
				075B5B3E1D227F3D00E2942B /* LaunchScreen.storyboard */,
				075B5B411D227F3D00E2942B /* Info.plist */,
				075B5B631D227F4B00E2942B /* StencilView.swift */,
			);
			path = StencilView;
			sourceTree = "<group>";
		};
		075B5B491D227F3D00E2942B /* StencilViewTests */ = {
			isa = PBXGroup;
			children = (
				075B5B4A1D227F3D00E2942B /* StencilViewTests.swift */,
				075B5B4C1D227F3D00E2942B /* Info.plist */,
			);
			path = StencilViewTests;
			sourceTree = "<group>";
		};
		075B5B541D227F3D00E2942B /* StencilViewUITests */ = {
			isa = PBXGroup;
			children = (
				075B5B551D227F3D00E2942B /* StencilViewUITests.swift */,
				075B5B571D227F3D00E2942B /* Info.plist */,
			);
			path = StencilViewUITests;
			sourceTree = "<group>";
		};
/* End PBXGroup section */

/* Begin PBXNativeTarget section */
		075B5B311D227F3D00E2942B /* StencilView */ = {
			isa = PBXNativeTarget;
			buildConfigurationList = 075B5B5A1D227F3D00E2942B /* Build configuration list for PBXNativeTarget "StencilView" */;
			buildPhases = (
				075B5B2E1D227F3D00E2942B /* Sources */,
				075B5B2F1D227F3D00E2942B /* Frameworks */,
				075B5B301D227F3D00E2942B /* Resources */,
			);
			buildRules = (
			);
			dependencies = (
			);
			name = StencilView;
			productName = StencilView;
			productReference = 075B5B321D227F3D00E2942B /* StencilView.app */;
			productType = "com.apple.product-type.application";
		};
		075B5B451D227F3D00E2942B /* StencilViewTests */ = {
			isa = PBXNativeTarget;
			buildConfigurationList = 075B5B5D1D227F3D00E2942B /* Build configuration list for PBXNativeTarget "StencilViewTests" */;
			buildPhases = (
				075B5B421D227F3D00E2942B /* Sources */,
				075B5B431D227F3D00E2942B /* Frameworks */,
				075B5B441D227F3D00E2942B /* Resources */,
			);
			buildRules = (
			);
			dependencies = (
				075B5B481D227F3D00E2942B /* PBXTargetDependency */,
			);
			name = StencilViewTests;
			productName = StencilViewTests;
			productReference = 075B5B461D227F3D00E2942B /* StencilViewTests.xctest */;
			productType = "com.apple.product-type.bundle.unit-test";
		};
		075B5B501D227F3D00E2942B /* StencilViewUITests */ = {
			isa = PBXNativeTarget;
			buildConfigurationList = 075B5B601D227F3D00E2942B /* Build configuration list for PBXNativeTarget "StencilViewUITests" */;
			buildPhases = (
				075B5B4D1D227F3D00E2942B /* Sources */,
				075B5B4E1D227F3D00E2942B /* Frameworks */,
				075B5B4F1D227F3D00E2942B /* Resources */,
			);
			buildRules = (
			);
			dependencies = (
				075B5B531D227F3D00E2942B /* PBXTargetDependency */,
			);
			name = StencilViewUITests;
			productName = StencilViewUITests;
			productReference = 075B5B511D227F3D00E2942B /* StencilViewUITests.xctest */;
			productType = "com.apple.product-type.bundle.ui-testing";
		};
/* End PBXNativeTarget section */

/* Begin PBXProject section */
		075B5B2A1D227F3D00E2942B /* Project object */ = {
			isa = PBXProject;
			attributes = {
				LastSwiftUpdateCheck = 0730;
				LastUpgradeCheck = 0730;
				ORGANIZATIONNAME = swarup;
				TargetAttributes = {
					075B5B311D227F3D00E2942B = {
						CreatedOnToolsVersion = 7.3;
					};
					075B5B451D227F3D00E2942B = {
						CreatedOnToolsVersion = 7.3;
						TestTargetID = 075B5B311D227F3D00E2942B;
					};
					075B5B501D227F3D00E2942B = {
						CreatedOnToolsVersion = 7.3;
						TestTargetID = 075B5B311D227F3D00E2942B;
					};
				};
			};
			buildConfigurationList = 075B5B2D1D227F3D00E2942B /* Build configuration list for PBXProject "StencilView" */;
			compatibilityVersion = "Xcode 3.2";
			developmentRegion = English;
			hasScannedForEncodings = 0;
			knownRegions = (
				en,
				Base,
			);
			mainGroup = 075B5B291D227F3D00E2942B;
			productRefGroup = 075B5B331D227F3D00E2942B /* Products */;
			projectDirPath = "";
			projectRoot = "";
			targets = (
				075B5B311D227F3D00E2942B /* StencilView */,
				075B5B451D227F3D00E2942B /* StencilViewTests */,
				075B5B501D227F3D00E2942B /* StencilViewUITests */,
			);
		};
/* End PBXProject section */

/* Begin PBXResourcesBuildPhase section */
		075B5B301D227F3D00E2942B /* Resources */ = {
			isa = PBXResourcesBuildPhase;
			buildActionMask = 2147483647;
			files = (
				075B5B401D227F3D00E2942B /* LaunchScreen.storyboard in Resources */,
				075B5B3D1D227F3D00E2942B /* Assets.xcassets in Resources */,
				075B5B3B1D227F3D00E2942B /* Main.storyboard in Resources */,
			);
			runOnlyForDeploymentPostprocessing = 0;
		};
		075B5B441D227F3D00E2942B /* Resources */ = {
			isa = PBXResourcesBuildPhase;
			buildActionMask = 2147483647;
			files = (
			);
			runOnlyForDeploymentPostprocessing = 0;
		};
		075B5B4F1D227F3D00E2942B /* Resources */ = {
			isa = PBXResourcesBuildPhase;
			buildActionMask = 2147483647;
			files = (
			);
			runOnlyForDeploymentPostprocessing = 0;
		};
/* End PBXResourcesBuildPhase section */

/* Begin PBXSourcesBuildPhase section */
		075B5B2E1D227F3D00E2942B /* Sources */ = {
			isa = PBXSourcesBuildPhase;
			buildActionMask = 2147483647;
			files = (
				075B5B381D227F3D00E2942B /* ViewController.swift in Sources */,
				075B5B361D227F3D00E2942B /* AppDelegate.swift in Sources */,
				075B5B641D227F4B00E2942B /* StencilView.swift in Sources */,
			);
			runOnlyForDeploymentPostprocessing = 0;
		};
		075B5B421D227F3D00E2942B /* Sources */ = {
			isa = PBXSourcesBuildPhase;
			buildActionMask = 2147483647;
			files = (
				075B5B4B1D227F3D00E2942B /* StencilViewTests.swift in Sources */,
			);
			runOnlyForDeploymentPostprocessing = 0;
		};
		075B5B4D1D227F3D00E2942B /* Sources */ = {
			isa = PBXSourcesBuildPhase;
			buildActionMask = 2147483647;
			files = (
				075B5B561D227F3D00E2942B /* StencilViewUITests.swift in Sources */,
			);
			runOnlyForDeploymentPostprocessing = 0;
		};
/* End PBXSourcesBuildPhase section */

/* Begin PBXTargetDependency section */
		075B5B481D227F3D00E2942B /* PBXTargetDependency */ = {
			isa = PBXTargetDependency;
			target = 075B5B311D227F3D00E2942B /* StencilView */;
			targetProxy = 075B5B471D227F3D00E2942B /* PBXContainerItemProxy */;
		};
		075B5B531D227F3D00E2942B /* PBXTargetDependency */ = {
			isa = PBXTargetDependency;
			target = 075B5B311D227F3D00E2942B /* StencilView */;
			targetProxy = 075B5B521D227F3D00E2942B /* PBXContainerItemProxy */;
		};
/* End PBXTargetDependency section */

/* Begin PBXVariantGroup section */
		075B5B391D227F3D00E2942B /* Main.storyboard */ = {
			isa = PBXVariantGroup;
			children = (
				075B5B3A1D227F3D00E2942B /* Base */,
			);
			name = Main.storyboard;
			sourceTree = "<group>";
		};
		075B5B3E1D227F3D00E2942B /* LaunchScreen.storyboard */ = {
			isa = PBXVariantGroup;
			children = (
				075B5B3F1D227F3D00E2942B /* Base */,
			);
			name = LaunchScreen.storyboard;
			sourceTree = "<group>";
		};
/* End PBXVariantGroup section */

/* Begin XCBuildConfiguration section */
		075B5B581D227F3D00E2942B /* Debug */ = {
			isa = XCBuildConfiguration;
			buildSettings = {
				ALWAYS_SEARCH_USER_PATHS = NO;
				CLANG_ANALYZER_NONNULL = YES;
				CLANG_CXX_LANGUAGE_STANDARD = "gnu++0x";
				CLANG_CXX_LIBRARY = "libc++";
				CLANG_ENABLE_MODULES = YES;
				CLANG_ENABLE_OBJC_ARC = YES;
				CLANG_WARN_BOOL_CONVERSION = YES;
				CLANG_WARN_CONSTANT_CONVERSION = YES;
				CLANG_WARN_DIRECT_OBJC_ISA_USAGE = YES_ERROR;
				CLANG_WARN_EMPTY_BODY = YES;
				CLANG_WARN_ENUM_CONVERSION = YES;
				CLANG_WARN_INT_CONVERSION = YES;
				CLANG_WARN_OBJC_ROOT_CLASS = YES_ERROR;
				CLANG_WARN_UNREACHABLE_CODE = YES;
				CLANG_WARN__DUPLICATE_METHOD_MATCH = YES;
				"CODE_SIGN_IDENTITY[sdk=iphoneos*]" = "iPhone Developer";
				COPY_PHASE_STRIP = NO;
				DEBUG_INFORMATION_FORMAT = dwarf;
				ENABLE_STRICT_OBJC_MSGSEND = YES;
				ENABLE_TESTABILITY = YES;
				GCC_C_LANGUAGE_STANDARD = gnu99;
				GCC_DYNAMIC_NO_PIC = NO;
				GCC_NO_COMMON_BLOCKS = YES;
				GCC_OPTIMIZATION_LEVEL = 0;
				GCC_PREPROCESSOR_DEFINITIONS = (
					"DEBUG=1",
					"$(inherited)",
				);
				GCC_WARN_64_TO_32_BIT_CONVERSION = YES;
				GCC_WARN_ABOUT_RETURN_TYPE = YES_ERROR;
				GCC_WARN_UNDECLARED_SELECTOR = YES;
				GCC_WARN_UNINITIALIZED_AUTOS = YES_AGGRESSIVE;
				GCC_WARN_UNUSED_FUNCTION = YES;
				GCC_WARN_UNUSED_VARIABLE = YES;
				IPHONEOS_DEPLOYMENT_TARGET = 9.3;
				MTL_ENABLE_DEBUG_INFO = YES;
				ONLY_ACTIVE_ARCH = YES;
				SDKROOT = iphoneos;
				SWIFT_OPTIMIZATION_LEVEL = "-Onone";
			};
			name = Debug;
		};
		075B5B591D227F3D00E2942B /* Release */ = {
			isa = XCBuildConfiguration;
			buildSettings = {
				ALWAYS_SEARCH_USER_PATHS = NO;
				CLANG_ANALYZER_NONNULL = YES;
				CLANG_CXX_LANGUAGE_STANDARD = "gnu++0x";
				CLANG_CXX_LIBRARY = "libc++";
				CLANG_ENABLE_MODULES = YES;
				CLANG_ENABLE_OBJC_ARC = YES;
				CLANG_WARN_BOOL_CONVERSION = YES;
				CLANG_WARN_CONSTANT_CONVERSION = YES;
				CLANG_WARN_DIRECT_OBJC_ISA_USAGE = YES_ERROR;
				CLANG_WARN_EMPTY_BODY = YES;
				CLANG_WARN_ENUM_CONVERSION = YES;
				CLANG_WARN_INT_CONVERSION = YES;
				CLANG_WARN_OBJC_ROOT_CLASS = YES_ERROR;
				CLANG_WARN_UNREACHABLE_CODE = YES;
				CLANG_WARN__DUPLICATE_METHOD_MATCH = YES;
				"CODE_SIGN_IDENTITY[sdk=iphoneos*]" = "iPhone Developer";
				COPY_PHASE_STRIP = NO;
				DEBUG_INFORMATION_FORMAT = "dwarf-with-dsym";
				ENABLE_NS_ASSERTIONS = NO;
				ENABLE_STRICT_OBJC_MSGSEND = YES;
				GCC_C_LANGUAGE_STANDARD = gnu99;
				GCC_NO_COMMON_BLOCKS = YES;
				GCC_WARN_64_TO_32_BIT_CONVERSION = YES;
				GCC_WARN_ABOUT_RETURN_TYPE = YES_ERROR;
				GCC_WARN_UNDECLARED_SELECTOR = YES;
				GCC_WARN_UNINITIALIZED_AUTOS = YES_AGGRESSIVE;
				GCC_WARN_UNUSED_FUNCTION = YES;
				GCC_WARN_UNUSED_VARIABLE = YES;
				IPHONEOS_DEPLOYMENT_TARGET = 9.3;
				MTL_ENABLE_DEBUG_INFO = NO;
				SDKROOT = iphoneos;
				VALIDATE_PRODUCT = YES;
			};
			name = Release;
		};
		075B5B5B1D227F3D00E2942B /* Debug */ = {
			isa = XCBuildConfiguration;
			buildSettings = {
				ASSETCATALOG_COMPILER_APPICON_NAME = AppIcon;
				INFOPLIST_FILE = StencilView/Info.plist;
				LD_RUNPATH_SEARCH_PATHS = "$(inherited) @executable_path/Frameworks";
				PRODUCT_BUNDLE_IDENTIFIER = com.codeatlas.StencilView;
				PRODUCT_NAME = "$(TARGET_NAME)";
			};
			name = Debug;
		};
		075B5B5C1D227F3D00E2942B /* Release */ = {
			isa = XCBuildConfiguration;
			buildSettings = {
				ASSETCATALOG_COMPILER_APPICON_NAME = AppIcon;
				INFOPLIST_FILE = StencilView/Info.plist;
				LD_RUNPATH_SEARCH_PATHS = "$(inherited) @executable_path/Frameworks";
				PRODUCT_BUNDLE_IDENTIFIER = com.codeatlas.StencilView;
				PRODUCT_NAME = "$(TARGET_NAME)";
			};
			name = Release;
		};
		075B5B5E1D227F3D00E2942B /* Debug */ = {
			isa = XCBuildConfiguration;
			buildSettings = {
				BUNDLE_LOADER = "$(TEST_HOST)";
				INFOPLIST_FILE = StencilViewTests/Info.plist;
				LD_RUNPATH_SEARCH_PATHS = "$(inherited) @executable_path/Frameworks @loader_path/Frameworks";
				PRODUCT_BUNDLE_IDENTIFIER = com.codeatlas.StencilViewTests;
				PRODUCT_NAME = "$(TARGET_NAME)";
				TEST_HOST = "$(BUILT_PRODUCTS_DIR)/StencilView.app/StencilView";
			};
			name = Debug;
		};
		075B5B5F1D227F3D00E2942B /* Release */ = {
			isa = XCBuildConfiguration;
			buildSettings = {
				BUNDLE_LOADER = "$(TEST_HOST)";
				INFOPLIST_FILE = StencilViewTests/Info.plist;
				LD_RUNPATH_SEARCH_PATHS = "$(inherited) @executable_path/Frameworks @loader_path/Frameworks";
				PRODUCT_BUNDLE_IDENTIFIER = com.codeatlas.StencilViewTests;
				PRODUCT_NAME = "$(TARGET_NAME)";
				TEST_HOST = "$(BUILT_PRODUCTS_DIR)/StencilView.app/StencilView";
			};
			name = Release;
		};
		075B5B611D227F3D00E2942B /* Debug */ = {
			isa = XCBuildConfiguration;
			buildSettings = {
				INFOPLIST_FILE = StencilViewUITests/Info.plist;
				LD_RUNPATH_SEARCH_PATHS = "$(inherited) @executable_path/Frameworks @loader_path/Frameworks";
				PRODUCT_BUNDLE_IDENTIFIER = com.codeatlas.StencilViewUITests;
				PRODUCT_NAME = "$(TARGET_NAME)";
				TEST_TARGET_NAME = StencilView;
			};
			name = Debug;
		};
		075B5B621D227F3D00E2942B /* Release */ = {
			isa = XCBuildConfiguration;
			buildSettings = {
				INFOPLIST_FILE = StencilViewUITests/Info.plist;
				LD_RUNPATH_SEARCH_PATHS = "$(inherited) @executable_path/Frameworks @loader_path/Frameworks";
				PRODUCT_BUNDLE_IDENTIFIER = com.codeatlas.StencilViewUITests;
				PRODUCT_NAME = "$(TARGET_NAME)";
				TEST_TARGET_NAME = StencilView;
			};
			name = Release;
		};
/* End XCBuildConfiguration section */

/* Begin XCConfigurationList section */
		075B5B2D1D227F3D00E2942B /* Build configuration list for PBXProject "StencilView" */ = {
			isa = XCConfigurationList;
			buildConfigurations = (
				075B5B581D227F3D00E2942B /* Debug */,
				075B5B591D227F3D00E2942B /* Release */,
			);
			defaultConfigurationIsVisible = 0;
			defaultConfigurationName = Release;
		};
		075B5B5A1D227F3D00E2942B /* Build configuration list for PBXNativeTarget "StencilView" */ = {
			isa = XCConfigurationList;
			buildConfigurations = (
				075B5B5B1D227F3D00E2942B /* Debug */,
				075B5B5C1D227F3D00E2942B /* Release */,
			);
			defaultConfigurationIsVisible = 0;
		};
		075B5B5D1D227F3D00E2942B /* Build configuration list for PBXNativeTarget "StencilViewTests" */ = {
			isa = XCConfigurationList;
			buildConfigurations = (
				075B5B5E1D227F3D00E2942B /* Debug */,
				075B5B5F1D227F3D00E2942B /* Release */,
			);
			defaultConfigurationIsVisible = 0;
		};
		075B5B601D227F3D00E2942B /* Build configuration list for PBXNativeTarget "StencilViewUITests" */ = {
			isa = XCConfigurationList;
			buildConfigurations = (
				075B5B611D227F3D00E2942B /* Debug */,
				075B5B621D227F3D00E2942B /* Release */,
			);
			defaultConfigurationIsVisible = 0;
		};
/* End XCConfigurationList section */
	};
	rootObject = 075B5B2A1D227F3D00E2942B /* Project object */;
}
